{
  "name": "5e-sheets",
  "version": "0.0.0",
  "lockfileVersion": 1,
  "requires": true,
  "dependencies": {
    "svelte-awesome": {
      "version": "3.0.0",
      "resolved": "https://registry.npmjs.org/svelte-awesome/-/svelte-awesome-3.0.0.tgz",
      "integrity": "sha512-jfK+vc7f2kTFbBCk3dR1C3JA72cugh5bZHILc0gHbaSC3f1PkwPpA4OwpCRCT1Zf0hv6oaSZKxR8V2m1SKHj3Q=="
    }
  }
}
